
Microsoft Visual Studio Solution File, Format Version 12.00
# Visual Studio Version 17
VisualStudioVersion = 17.3.32922.545
MinimumVisualStudioVersion = 10.0.40219.1
Project("{FAE04EC0-301F-11D3-BF4B-00C04F79EFBC}") = "DiskDisplay", "DiskDisplay\DiskDisplay.csproj", "{94B0F110-FF1B-4404-85DD-2E7B5392C714}"
EndProject
Global
	GlobalSection(SolutionConfigurationPlatforms) = preSolution
		Debug|Any CPU = Debug|Any CPU
		Release|Any CPU = Release|Any CPU
	EndGlobalSection
	GlobalSection(ProjectConfigurationPlatforms) = postSolution
		{94B0F110-FF1B-4404-85DD-2E7B5392C714}.Debug|Any CPU.ActiveCfg = Debug|Any CPU
		{94B0F110-FF1B-4404-85DD-2E7B5392C714}.Debug|Any CPU.Build.0 = Debug|Any CPU
		{94B0F110-FF1B-4404-85DD-2E7B5392C714}.Release|Any CPU.ActiveCfg = Release|Any CPU
		{94B0F110-FF1B-4404-85DD-2E7B5392C714}.Release|Any CPU.Build.0 = Release|Any CPU
	EndGlobalSection
	GlobalSection(SolutionProperties) = preSolution
		HideSolutionNode = FALSE
	EndGlobalSection
	GlobalSection(ExtensibilityGlobals) = postSolution
		SolutionGuid = {36E01A94-5BDD-499B-A4DF-AA518FC29623}
	EndGlobalSection
EndGlobal
